
Microsoft Visual Studio Solution File, Format Version 12.00
Project("{FAE04EC0-301F-11D3-BF4B-00C04F79EFBC}") = "TM2View", "TM2View\TM2View.csproj", "{F3ADABA0-155B-4981-9097-9AB1BDC56F82}"
EndProject
Global
	GlobalSection(SolutionConfigurationPlatforms) = preSolution
		Debug|Any CPU = Debug|Any CPU
		Release|Any CPU = Release|Any CPU
	EndGlobalSection
	GlobalSection(ProjectConfigurationPlatforms) = postSolution
		{F3ADABA0-155B-4981-9097-9AB1BDC56F82}.Debug|Any CPU.ActiveCfg = Debug|Any CPU
		{F3ADABA0-155B-4981-9097-9AB1BDC56F82}.Debug|Any CPU.Build.0 = Debug|Any CPU
		{F3ADABA0-155B-4981-9097-9AB1BDC56F82}.Release|Any CPU.ActiveCfg = Release|Any CPU
		{F3ADABA0-155B-4981-9097-9AB1BDC56F82}.Release|Any CPU.Build.0 = Release|Any CPU
	EndGlobalSection
EndGlobal
